schema: '2.0'
stages:
  data_ingestion:
    cmd: python src/data_ingestion.py
    deps:
    - path: src/data_ingestion.py
      hash: md5
      md5: 8e4f85a95984453fec0cc40abdcc0886
      size: 4388
    params:
      params.yaml:
        data_ingestion.test_size: 0.3
    outs:
    - path: data\1_data_ingestion
      hash: md5
      md5: caa8d9ebf776dc082a4f5c69256a5376.dir
      size: 484846
      nfiles: 2
  data_preprocessing:
    cmd: python src/data_preprocessing.py
    deps:
    - path: data\1_data_ingestion
      hash: md5
      md5: caa8d9ebf776dc082a4f5c69256a5376.dir
      size: 484846
      nfiles: 2
    - path: src/data_preprocessing.py
      hash: md5
      md5: 420ec5f784769adc0fe63b56f5e2fb2e
      size: 4082
    outs:
    - path: data\2.data_preprocessing
      hash: md5
      md5: 61ca13b2e20854a1f7bacbbcfeca409e.dir
      size: 262513
      nfiles: 2
  feature_engineering:
    cmd: python src/feature_engineering.py
    deps:
    - path: data\2.data_preprocessing
      hash: md5
      md5: 61ca13b2e20854a1f7bacbbcfeca409e.dir
      size: 262513
      nfiles: 2
    - path: src/feature_engineering.py
      hash: md5
      md5: a8c1c4747244c703fdc7c758dc04dce2
      size: 4027
    params:
      params.yaml:
        feature_engineering.max_features: 500
    outs:
    - path: data\3.feature_data
      hash: md5
      md5: 597370b55c1da5556fbb25edef800520.dir
      size: 10993422
      nfiles: 2
  model_building:
    cmd: python src/model_building.py
    deps:
    - path: data\3.feature_data
      hash: md5
      md5: 597370b55c1da5556fbb25edef800520.dir
      size: 10993422
      nfiles: 2
    - path: src/model_building.py
      hash: md5
      md5: c9a95dd24054a57a5d6d69483390da57
      size: 4058
    params:
      params.yaml:
        model_building.n_estimators: 30
        model_building.random_state: 5
    outs:
    - path: models/model.pkl
      hash: md5
      md5: af183b3132f3a41af97c480049d94ccf
      size: 1928442
  model_evaluation:
    cmd: python src/model_evaluation.py
    deps:
    - path: models/model.pkl
      hash: md5
      md5: af183b3132f3a41af97c480049d94ccf
      size: 1928442
    - path: src/model_evaluation.py
      hash: md5
      md5: 9357249dc2ae1db138b7a92ee74884e0
      size: 4673
    outs:
    - path: reports/metrics.json
      hash: md5
      md5: b74ac7ceb6f2f27fb2cc02f6c96045f9
      size: 144
